
Microsoft Visual Studio Solution File, Format Version 12.00
# Visual Studio Version 16
VisualStudioVersion = 16.0.30413.136
MinimumVisualStudioVersion = 10.0.40219.1
Project("{FAE04EC0-301F-11D3-BF4B-00C04F79EFBC}") = "DtoProject", "DtoProject\DtoProject.csproj", "{102F079B-0B32-4FD7-9394-6EFE6BBEBCF8}"
EndProject
Project("{FAE04EC0-301F-11D3-BF4B-00C04F79EFBC}") = "DtoClasses", "DtoClasses\DtoClasses.csproj", "{3D2D9496-159C-4D7C-829E-4AC1BA3D9ACD}"
EndProject
Global
	GlobalSection(SolutionConfigurationPlatforms) = preSolution
		Debug|Any CPU = Debug|Any CPU
		Release|Any CPU = Release|Any CPU
	EndGlobalSection
	GlobalSection(ProjectConfigurationPlatforms) = postSolution
		{102F079B-0B32-4FD7-9394-6EFE6BBEBCF8}.Debug|Any CPU.ActiveCfg = Debug|Any CPU
		{102F079B-0B32-4FD7-9394-6EFE6BBEBCF8}.Debug|Any CPU.Build.0 = Debug|Any CPU
		{102F079B-0B32-4FD7-9394-6EFE6BBEBCF8}.Release|Any CPU.ActiveCfg = Release|Any CPU
		{102F079B-0B32-4FD7-9394-6EFE6BBEBCF8}.Release|Any CPU.Build.0 = Release|Any CPU
		{3D2D9496-159C-4D7C-829E-4AC1BA3D9ACD}.Debug|Any CPU.ActiveCfg = Debug|Any CPU
		{3D2D9496-159C-4D7C-829E-4AC1BA3D9ACD}.Debug|Any CPU.Build.0 = Debug|Any CPU
		{3D2D9496-159C-4D7C-829E-4AC1BA3D9ACD}.Release|Any CPU.ActiveCfg = Release|Any CPU
		{3D2D9496-159C-4D7C-829E-4AC1BA3D9ACD}.Release|Any CPU.Build.0 = Release|Any CPU
	EndGlobalSection
	GlobalSection(SolutionProperties) = preSolution
		HideSolutionNode = FALSE
	EndGlobalSection
	GlobalSection(ExtensibilityGlobals) = postSolution
		SolutionGuid = {B9B675D2-0CDD-4AF6-91F0-15861CC5FC96}
	EndGlobalSection
EndGlobal
